
Microsoft Visual Studio Solution File, Format Version 12.00
# Visual Studio Version 16
VisualStudioVersion = 16.0.31112.23
MinimumVisualStudioVersion = 10.0.40219.1
Project("{FAE04EC0-301F-11D3-BF4B-00C04F79EFBC}") = "ResearchDataBreakpoints", "ResearchDataBreakpoints\ResearchDataBreakpoints.csproj", "{640DEF15-E938-4F60-B570-E070B3143EA2}"
EndProject
Global
	GlobalSection(SolutionConfigurationPlatforms) = preSolution
		Debug|Any CPU = Debug|Any CPU
		Release|Any CPU = Release|Any CPU
	EndGlobalSection
	GlobalSection(ProjectConfigurationPlatforms) = postSolution
		{640DEF15-E938-4F60-B570-E070B3143EA2}.Debug|Any CPU.ActiveCfg = Debug|Any CPU
		{640DEF15-E938-4F60-B570-E070B3143EA2}.Debug|Any CPU.Build.0 = Debug|Any CPU
		{640DEF15-E938-4F60-B570-E070B3143EA2}.Release|Any CPU.ActiveCfg = Release|Any CPU
		{640DEF15-E938-4F60-B570-E070B3143EA2}.Release|Any CPU.Build.0 = Release|Any CPU
	EndGlobalSection
	GlobalSection(SolutionProperties) = preSolution
		HideSolutionNode = FALSE
	EndGlobalSection
	GlobalSection(ExtensibilityGlobals) = postSolution
		SolutionGuid = {7B5109F3-E404-4B5E-B5FA-34FE5E802FBB}
	EndGlobalSection
EndGlobal
