
Microsoft Visual Studio Solution File, Format Version 12.00
# Visual Studio Version 16
VisualStudioVersion = 16.0.31112.23
MinimumVisualStudioVersion = 10.0.40219.1
Project("{FAE04EC0-301F-11D3-BF4B-00C04F79EFBC}") = "PeopleSharp.Server", "PeopleSharp\Server\PeopleSharp.Server.csproj", "{48EB913E-E58B-4491-972E-0DEA74A9858D}"
EndProject
Project("{FAE04EC0-301F-11D3-BF4B-00C04F79EFBC}") = "PeopleSharp.Client", "PeopleSharp\Client\PeopleSharp.Client.csproj", "{1DCF4E84-D9B0-4BCC-A26C-CA392888BB7A}"
EndProject
Project("{FAE04EC0-301F-11D3-BF4B-00C04F79EFBC}") = "PeopleSharp.Shared", "PeopleSharp\Shared\PeopleSharp.Shared.csproj", "{BAC4F6A3-4BDA-4FDF-AF9C-9CD021A461AD}"
EndProject
Project("{2150E333-8FDC-42A3-9474-1A3956D46DE8}") = "UnitTests", "UnitTests", "{242AE1DA-E878-4F39-A8A0-41BC17DFF9DF}"
EndProject
Project("{FAE04EC0-301F-11D3-BF4B-00C04F79EFBC}") = "PeopleSharp.Shared.Tests", "PeopleSharp\UnitTests\PeopleSharp.Shared.Tests\PeopleSharp.Shared.Tests.csproj", "{9F9F2AB0-84A7-4124-91FC-7F9A15C6604D}"
EndProject
Project("{FAE04EC0-301F-11D3-BF4B-00C04F79EFBC}") = "PeopleSharp.Server.Tests", "PeopleSharp\UnitTests\PeopleSharp.Server.Tests\PeopleSharp.Server.Tests.csproj", "{FBCC93BF-1DA4-4CCC-BF6A-4039530BB23F}"
EndProject
Global
	GlobalSection(SolutionConfigurationPlatforms) = preSolution
		Debug|Any CPU = Debug|Any CPU
		Release|Any CPU = Release|Any CPU
	EndGlobalSection
	GlobalSection(ProjectConfigurationPlatforms) = postSolution
		{48EB913E-E58B-4491-972E-0DEA74A9858D}.Debug|Any CPU.ActiveCfg = Debug|Any CPU
		{48EB913E-E58B-4491-972E-0DEA74A9858D}.Debug|Any CPU.Build.0 = Debug|Any CPU
		{48EB913E-E58B-4491-972E-0DEA74A9858D}.Release|Any CPU.ActiveCfg = Release|Any CPU
		{48EB913E-E58B-4491-972E-0DEA74A9858D}.Release|Any CPU.Build.0 = Release|Any CPU
		{1DCF4E84-D9B0-4BCC-A26C-CA392888BB7A}.Debug|Any CPU.ActiveCfg = Debug|Any CPU
		{1DCF4E84-D9B0-4BCC-A26C-CA392888BB7A}.Debug|Any CPU.Build.0 = Debug|Any CPU
		{1DCF4E84-D9B0-4BCC-A26C-CA392888BB7A}.Release|Any CPU.ActiveCfg = Release|Any CPU
		{1DCF4E84-D9B0-4BCC-A26C-CA392888BB7A}.Release|Any CPU.Build.0 = Release|Any CPU
		{BAC4F6A3-4BDA-4FDF-AF9C-9CD021A461AD}.Debug|Any CPU.ActiveCfg = Debug|Any CPU
		{BAC4F6A3-4BDA-4FDF-AF9C-9CD021A461AD}.Debug|Any CPU.Build.0 = Debug|Any CPU
		{BAC4F6A3-4BDA-4FDF-AF9C-9CD021A461AD}.Release|Any CPU.ActiveCfg = Release|Any CPU
		{BAC4F6A3-4BDA-4FDF-AF9C-9CD021A461AD}.Release|Any CPU.Build.0 = Release|Any CPU
		{9F9F2AB0-84A7-4124-91FC-7F9A15C6604D}.Debug|Any CPU.ActiveCfg = Debug|Any CPU
		{9F9F2AB0-84A7-4124-91FC-7F9A15C6604D}.Debug|Any CPU.Build.0 = Debug|Any CPU
		{9F9F2AB0-84A7-4124-91FC-7F9A15C6604D}.Release|Any CPU.ActiveCfg = Release|Any CPU
		{9F9F2AB0-84A7-4124-91FC-7F9A15C6604D}.Release|Any CPU.Build.0 = Release|Any CPU
		{FBCC93BF-1DA4-4CCC-BF6A-4039530BB23F}.Debug|Any CPU.ActiveCfg = Debug|Any CPU
		{FBCC93BF-1DA4-4CCC-BF6A-4039530BB23F}.Debug|Any CPU.Build.0 = Debug|Any CPU
		{FBCC93BF-1DA4-4CCC-BF6A-4039530BB23F}.Release|Any CPU.ActiveCfg = Release|Any CPU
		{FBCC93BF-1DA4-4CCC-BF6A-4039530BB23F}.Release|Any CPU.Build.0 = Release|Any CPU
	EndGlobalSection
	GlobalSection(SolutionProperties) = preSolution
		HideSolutionNode = FALSE
	EndGlobalSection
	GlobalSection(NestedProjects) = preSolution
		{9F9F2AB0-84A7-4124-91FC-7F9A15C6604D} = {242AE1DA-E878-4F39-A8A0-41BC17DFF9DF}
		{FBCC93BF-1DA4-4CCC-BF6A-4039530BB23F} = {242AE1DA-E878-4F39-A8A0-41BC17DFF9DF}
	EndGlobalSection
	GlobalSection(ExtensibilityGlobals) = postSolution
		SolutionGuid = {99B37A7B-054D-4C99-8772-8343B53A568A}
	EndGlobalSection
EndGlobal
