
Microsoft Visual Studio Solution File, Format Version 12.00
# Visual Studio Version 16
VisualStudioVersion = 16.0.31112.23
MinimumVisualStudioVersion = 10.0.40219.1
Project("{FAE04EC0-301F-11D3-BF4B-00C04F79EFBC}") = "ResearchThreadsDebuggingSupport", "ResearchThreadsDebuggingSupport\ResearchThreadsDebuggingSupport.csproj", "{5DF8A618-2E7D-47FA-A950-8F02E36FD682}"
EndProject
Global
	GlobalSection(SolutionConfigurationPlatforms) = preSolution
		Debug|Any CPU = Debug|Any CPU
		Release|Any CPU = Release|Any CPU
	EndGlobalSection
	GlobalSection(ProjectConfigurationPlatforms) = postSolution
		{5DF8A618-2E7D-47FA-A950-8F02E36FD682}.Debug|Any CPU.ActiveCfg = Debug|Any CPU
		{5DF8A618-2E7D-47FA-A950-8F02E36FD682}.Debug|Any CPU.Build.0 = Debug|Any CPU
		{5DF8A618-2E7D-47FA-A950-8F02E36FD682}.Release|Any CPU.ActiveCfg = Release|Any CPU
		{5DF8A618-2E7D-47FA-A950-8F02E36FD682}.Release|Any CPU.Build.0 = Release|Any CPU
	EndGlobalSection
	GlobalSection(SolutionProperties) = preSolution
		HideSolutionNode = FALSE
	EndGlobalSection
	GlobalSection(ExtensibilityGlobals) = postSolution
		SolutionGuid = {F30EF25E-907B-4350-BEDA-0FF468EF549B}
	EndGlobalSection
EndGlobal
